
Microsoft Visual Studio Solution File, Format Version 12.00
# Visual Studio Version 17
VisualStudioVersion = 17.0.32126.317
MinimumVisualStudioVersion = 10.0.40219.1
Project("{2150E333-8FDC-42A3-9474-1A3956D46DE8}") = "FrontEnd", "FrontEnd", "{8A4055BA-55BD-4599-B80B-C11984EAB0E5}"
EndProject
Project("{2150E333-8FDC-42A3-9474-1A3956D46DE8}") = "Services", "Services", "{C460AC4C-FB4A-4EF3-AF1E-346B4DD6E4B6}"
EndProject
Project("{9A19103F-16F7-4668-BE54-9A1E7A4F7556}") = "GeekShopping.Web", "GeekShooping.Web\GeekShopping.Web.csproj", "{3F04FD6B-9593-453A-876A-B81A11C5A21C}"
EndProject
Project("{9A19103F-16F7-4668-BE54-9A1E7A4F7556}") = "GeekShopping.ProductApi", "GeekShooping.ProductApi\GeekShopping.ProductApi.csproj", "{075F4DE8-16C5-44E1-82B7-EED4FD986388}"
EndProject
Project("{9A19103F-16F7-4668-BE54-9A1E7A4F7556}") = "GeekShopping.IdentityServer", "GeekShopping.IdentityServer\GeekShopping.IdentityServer.csproj", "{93AE91D4-329E-4532-AC98-FD4F3E767928}"
EndProject
Project("{9A19103F-16F7-4668-BE54-9A1E7A4F7556}") = "GeekShopping.CartApi", "GeekShopping.CartApi\GeekShopping.CartApi.csproj", "{B5789879-0A64-49B5-9396-9422439793EF}"
EndProject
Project("{9A19103F-16F7-4668-BE54-9A1E7A4F7556}") = "GeekShopping.CouponAPI", "GeekShopping.CouponAPI\GeekShopping.CouponAPI.csproj", "{62BD2623-B1B6-44D5-9902-18084CF48F80}"
EndProject
Project("{2150E333-8FDC-42A3-9474-1A3956D46DE8}") = "Integration", "Integration", "{297903BD-5B2C-4DD9-A5EA-1C7DF7C396C4}"
EndProject
Project("{9A19103F-16F7-4668-BE54-9A1E7A4F7556}") = "GeekShopping.MessageBus", "GeekShopping.MessageBus\GeekShopping.MessageBus.csproj", "{528876D3-5659-4194-90BD-8EB948F462E5}"
EndProject
Project("{9A19103F-16F7-4668-BE54-9A1E7A4F7556}") = "GeekShopping.OrderAPI", "GeekShopping.OrderAPI\GeekShopping.OrderAPI.csproj", "{37C87D9B-C40D-4526-B208-8E4286CF9EF9}"
EndProject
Project("{2150E333-8FDC-42A3-9474-1A3956D46DE8}") = "Payments", "Payments", "{92D7E04D-EB1B-4414-81D6-0609C22A70ED}"
EndProject
Project("{9A19103F-16F7-4668-BE54-9A1E7A4F7556}") = "GeekShopping.PaymentProcessor", "GeekShopping.PaymentProcessor\GeekShopping.PaymentProcessor.csproj", "{AA532CC9-0D73-41E2-A0A1-311AA2829869}"
EndProject
Project("{9A19103F-16F7-4668-BE54-9A1E7A4F7556}") = "GeekShopping.PaymentAPI", "GeekShopping.PaymentAPI\GeekShopping.PaymentAPI.csproj", "{F40BEC89-1CFC-41EE-AE09-B460DC496D94}"
EndProject
Project("{9A19103F-16F7-4668-BE54-9A1E7A4F7556}") = "GeekShopping.Email", "GeekShopping.Email\GeekShopping.Email.csproj", "{ADE0FE34-7A36-424E-BCDF-4E71FCFE3E9A}"
EndProject
Project("{2150E333-8FDC-42A3-9474-1A3956D46DE8}") = "Gateway", "Gateway", "{8651D0BF-DC85-44A5-9B67-F4DB9252DAF2}"
EndProject
Project("{FAE04EC0-301F-11D3-BF4B-00C04F79EFBC}") = "GeekShopping.APIGateway", "GeekShopping.APIGateway\GeekShopping.APIGateway.csproj", "{BA4403D3-C601-44E8-AC62-BB4DF54CE68C}"
EndProject
Global
	GlobalSection(SolutionConfigurationPlatforms) = preSolution
		Debug|Any CPU = Debug|Any CPU
		Release|Any CPU = Release|Any CPU
	EndGlobalSection
	GlobalSection(ProjectConfigurationPlatforms) = postSolution
		{3F04FD6B-9593-453A-876A-B81A11C5A21C}.Debug|Any CPU.ActiveCfg = Debug|Any CPU
		{3F04FD6B-9593-453A-876A-B81A11C5A21C}.Debug|Any CPU.Build.0 = Debug|Any CPU
		{3F04FD6B-9593-453A-876A-B81A11C5A21C}.Release|Any CPU.ActiveCfg = Release|Any CPU
		{3F04FD6B-9593-453A-876A-B81A11C5A21C}.Release|Any CPU.Build.0 = Release|Any CPU
		{075F4DE8-16C5-44E1-82B7-EED4FD986388}.Debug|Any CPU.ActiveCfg = Debug|Any CPU
		{075F4DE8-16C5-44E1-82B7-EED4FD986388}.Debug|Any CPU.Build.0 = Debug|Any CPU
		{075F4DE8-16C5-44E1-82B7-EED4FD986388}.Release|Any CPU.ActiveCfg = Release|Any CPU
		{075F4DE8-16C5-44E1-82B7-EED4FD986388}.Release|Any CPU.Build.0 = Release|Any CPU
		{93AE91D4-329E-4532-AC98-FD4F3E767928}.Debug|Any CPU.ActiveCfg = Debug|Any CPU
		{93AE91D4-329E-4532-AC98-FD4F3E767928}.Debug|Any CPU.Build.0 = Debug|Any CPU
		{93AE91D4-329E-4532-AC98-FD4F3E767928}.Release|Any CPU.ActiveCfg = Release|Any CPU
		{93AE91D4-329E-4532-AC98-FD4F3E767928}.Release|Any CPU.Build.0 = Release|Any CPU
		{B5789879-0A64-49B5-9396-9422439793EF}.Debug|Any CPU.ActiveCfg = Debug|Any CPU
		{B5789879-0A64-49B5-9396-9422439793EF}.Debug|Any CPU.Build.0 = Debug|Any CPU
		{B5789879-0A64-49B5-9396-9422439793EF}.Release|Any CPU.ActiveCfg = Release|Any CPU
		{B5789879-0A64-49B5-9396-9422439793EF}.Release|Any CPU.Build.0 = Release|Any CPU
		{62BD2623-B1B6-44D5-9902-18084CF48F80}.Debug|Any CPU.ActiveCfg = Debug|Any CPU
		{62BD2623-B1B6-44D5-9902-18084CF48F80}.Debug|Any CPU.Build.0 = Debug|Any CPU
		{62BD2623-B1B6-44D5-9902-18084CF48F80}.Release|Any CPU.ActiveCfg = Release|Any CPU
		{62BD2623-B1B6-44D5-9902-18084CF48F80}.Release|Any CPU.Build.0 = Release|Any CPU
		{528876D3-5659-4194-90BD-8EB948F462E5}.Debug|Any CPU.ActiveCfg = Debug|Any CPU
		{528876D3-5659-4194-90BD-8EB948F462E5}.Debug|Any CPU.Build.0 = Debug|Any CPU
		{528876D3-5659-4194-90BD-8EB948F462E5}.Release|Any CPU.ActiveCfg = Release|Any CPU
		{528876D3-5659-4194-90BD-8EB948F462E5}.Release|Any CPU.Build.0 = Release|Any CPU
		{37C87D9B-C40D-4526-B208-8E4286CF9EF9}.Debug|Any CPU.ActiveCfg = Debug|Any CPU
		{37C87D9B-C40D-4526-B208-8E4286CF9EF9}.Debug|Any CPU.Build.0 = Debug|Any CPU
		{37C87D9B-C40D-4526-B208-8E4286CF9EF9}.Release|Any CPU.ActiveCfg = Release|Any CPU
		{37C87D9B-C40D-4526-B208-8E4286CF9EF9}.Release|Any CPU.Build.0 = Release|Any CPU
		{AA532CC9-0D73-41E2-A0A1-311AA2829869}.Debug|Any CPU.ActiveCfg = Debug|Any CPU
		{AA532CC9-0D73-41E2-A0A1-311AA2829869}.Debug|Any CPU.Build.0 = Debug|Any CPU
		{AA532CC9-0D73-41E2-A0A1-311AA2829869}.Release|Any CPU.ActiveCfg = Release|Any CPU
		{AA532CC9-0D73-41E2-A0A1-311AA2829869}.Release|Any CPU.Build.0 = Release|Any CPU
		{F40BEC89-1CFC-41EE-AE09-B460DC496D94}.Debug|Any CPU.ActiveCfg = Debug|Any CPU
		{F40BEC89-1CFC-41EE-AE09-B460DC496D94}.Debug|Any CPU.Build.0 = Debug|Any CPU
		{F40BEC89-1CFC-41EE-AE09-B460DC496D94}.Release|Any CPU.ActiveCfg = Release|Any CPU
		{F40BEC89-1CFC-41EE-AE09-B460DC496D94}.Release|Any CPU.Build.0 = Release|Any CPU
		{ADE0FE34-7A36-424E-BCDF-4E71FCFE3E9A}.Debug|Any CPU.ActiveCfg = Debug|Any CPU
		{ADE0FE34-7A36-424E-BCDF-4E71FCFE3E9A}.Debug|Any CPU.Build.0 = Debug|Any CPU
		{ADE0FE34-7A36-424E-BCDF-4E71FCFE3E9A}.Release|Any CPU.ActiveCfg = Release|Any CPU
		{ADE0FE34-7A36-424E-BCDF-4E71FCFE3E9A}.Release|Any CPU.Build.0 = Release|Any CPU
		{BA4403D3-C601-44E8-AC62-BB4DF54CE68C}.Debug|Any CPU.ActiveCfg = Debug|Any CPU
		{BA4403D3-C601-44E8-AC62-BB4DF54CE68C}.Debug|Any CPU.Build.0 = Debug|Any CPU
		{BA4403D3-C601-44E8-AC62-BB4DF54CE68C}.Release|Any CPU.ActiveCfg = Release|Any CPU
		{BA4403D3-C601-44E8-AC62-BB4DF54CE68C}.Release|Any CPU.Build.0 = Release|Any CPU
	EndGlobalSection
	GlobalSection(SolutionProperties) = preSolution
		HideSolutionNode = FALSE
	EndGlobalSection
	GlobalSection(NestedProjects) = preSolution
		{3F04FD6B-9593-453A-876A-B81A11C5A21C} = {8A4055BA-55BD-4599-B80B-C11984EAB0E5}
		{075F4DE8-16C5-44E1-82B7-EED4FD986388} = {C460AC4C-FB4A-4EF3-AF1E-346B4DD6E4B6}
		{93AE91D4-329E-4532-AC98-FD4F3E767928} = {C460AC4C-FB4A-4EF3-AF1E-346B4DD6E4B6}
		{B5789879-0A64-49B5-9396-9422439793EF} = {C460AC4C-FB4A-4EF3-AF1E-346B4DD6E4B6}
		{62BD2623-B1B6-44D5-9902-18084CF48F80} = {C460AC4C-FB4A-4EF3-AF1E-346B4DD6E4B6}
		{528876D3-5659-4194-90BD-8EB948F462E5} = {297903BD-5B2C-4DD9-A5EA-1C7DF7C396C4}
		{37C87D9B-C40D-4526-B208-8E4286CF9EF9} = {C460AC4C-FB4A-4EF3-AF1E-346B4DD6E4B6}
		{AA532CC9-0D73-41E2-A0A1-311AA2829869} = {92D7E04D-EB1B-4414-81D6-0609C22A70ED}
		{F40BEC89-1CFC-41EE-AE09-B460DC496D94} = {C460AC4C-FB4A-4EF3-AF1E-346B4DD6E4B6}
		{ADE0FE34-7A36-424E-BCDF-4E71FCFE3E9A} = {C460AC4C-FB4A-4EF3-AF1E-346B4DD6E4B6}
		{BA4403D3-C601-44E8-AC62-BB4DF54CE68C} = {8651D0BF-DC85-44A5-9B67-F4DB9252DAF2}
	EndGlobalSection
	GlobalSection(ExtensibilityGlobals) = postSolution
		SolutionGuid = {18D4F79A-75CD-493C-85D0-FB490EEF6E49}
	EndGlobalSection
EndGlobal
